
Microsoft Visual Studio Solution File, Format Version 12.00
# Visual Studio Version 17
VisualStudioVersion = 17.10.35013.160
MinimumVisualStudioVersion = 10.0.40219.1
Project("{FAE04EC0-301F-11D3-BF4B-00C04F79EFBC}") = "TravelProject", "TravelProject\TravelProject.csproj", "{27E01B5E-25E2-4374-B24B-E2E0BB4F6B7B}"
EndProject
Global
	GlobalSection(SolutionConfigurationPlatforms) = preSolution
		Debug|Any CPU = Debug|Any CPU
		Release|Any CPU = Release|Any CPU
	EndGlobalSection
	GlobalSection(ProjectConfigurationPlatforms) = postSolution
		{27E01B5E-25E2-4374-B24B-E2E0BB4F6B7B}.Debug|Any CPU.ActiveCfg = Debug|Any CPU
		{27E01B5E-25E2-4374-B24B-E2E0BB4F6B7B}.Debug|Any CPU.Build.0 = Debug|Any CPU
		{27E01B5E-25E2-4374-B24B-E2E0BB4F6B7B}.Release|Any CPU.ActiveCfg = Release|Any CPU
		{27E01B5E-25E2-4374-B24B-E2E0BB4F6B7B}.Release|Any CPU.Build.0 = Release|Any CPU
	EndGlobalSection
	GlobalSection(SolutionProperties) = preSolution
		HideSolutionNode = FALSE
	EndGlobalSection
	GlobalSection(ExtensibilityGlobals) = postSolution
		SolutionGuid = {936477DE-DF8E-403E-B164-6A3129F93507}
	EndGlobalSection
EndGlobal
